{
  "requires": true,
  "lockfileVersion": 1,
  "dependencies": {
    "todomvc-app-css": {
      "version": "2.3.0",
      "resolved": "https://registry.npm.taobao.org/todomvc-app-css/download/todomvc-app-css-2.3.0.tgz"
    },
    "todomvc-common": {
      "version": "1.0.5",
      "resolved": "https://registry.npm.taobao.org/todomvc-common/download/todomvc-common-1.0.5.tgz"
    },
    "vue": {
      "version": "2.6.11",
      "resolved": "https://registry.npmjs.org/vue/-/vue-2.6.11.tgz",
      "integrity": "sha512-VfPwgcGABbGAue9+sfrD4PuwFar7gPb1yl1UK1MwXoQPAw0BKSqWfoYCT/ThFrdEVWoI51dBuyCoiNU9bZDZxQ=="
    }
  }
}
